dependencies:
- name: chaos-driver
  repository: file://../chaos-driver
  version: 0.1.0
- name: chaos-manager
  repository: file://../chaos-manager
  version: 0.1.0
- name: chaos-web
  repository: file://../chaos-web
  version: 0.1.0
digest: sha256:38485a415dc40ea45ac78f0878ac5a59d388768f0b0dfd800ae29f4ad4eaa281
generated: "2023-02-20T12:18:47.029463+05:30"
